
Microsoft Visual Studio Solution File, Format Version 12.00
# Visual Studio Version 17
VisualStudioVersion = 17.13.35806.99
MinimumVisualStudioVersion = 10.0.40219.1
Project("{FAE04EC0-301F-11D3-BF4B-00C04F79EFBC}") = "SmallBusinessLendingDesktop", "SmallBusinessLendingDesktop\SmallBusinessLendingDesktop.csproj", "{B7534237-CDC9-48C4-AC0C-2D2A1BB9D320}"
EndProject
Project("{54435603-DBB4-11D2-8724-00A0C9A8B90C}") = "SmallBusiness", "SmallBusiness\SmallBusiness.vdproj", "{E3E36853-F08E-5EBF-B38F-A312BDB04FC1}"
EndProject
Global
	GlobalSection(SolutionConfigurationPlatforms) = preSolution
		Debug|Any CPU = Debug|Any CPU
		Release|Any CPU = Release|Any CPU
	EndGlobalSection
	GlobalSection(ProjectConfigurationPlatforms) = postSolution
		{B7534237-CDC9-48C4-AC0C-2D2A1BB9D320}.Debug|Any CPU.ActiveCfg = Debug|Any CPU
		{B7534237-CDC9-48C4-AC0C-2D2A1BB9D320}.Debug|Any CPU.Build.0 = Debug|Any CPU
		{B7534237-CDC9-48C4-AC0C-2D2A1BB9D320}.Release|Any CPU.ActiveCfg = Release|Any CPU
		{B7534237-CDC9-48C4-AC0C-2D2A1BB9D320}.Release|Any CPU.Build.0 = Release|Any CPU
		{E3E36853-F08E-5EBF-B38F-A312BDB04FC1}.Debug|Any CPU.ActiveCfg = Debug
		{E3E36853-F08E-5EBF-B38F-A312BDB04FC1}.Release|Any CPU.ActiveCfg = Release
	EndGlobalSection
	GlobalSection(SolutionProperties) = preSolution
		HideSolutionNode = FALSE
	EndGlobalSection
	GlobalSection(ExtensibilityGlobals) = postSolution
		SolutionGuid = {1DB4538A-8B5B-4A1C-BD81-18255D64A9D7}
	EndGlobalSection
EndGlobal
